// !$*UTF8*$!
{
	archiveVersion = 1;
	classes = {
	};
	objectVersion = 55;
	objects = {

/* Begin PBXBuildFile section */
		A5195631280FBB4C0027D832 /* AuthenticateView.swift in Sources */ = {isa = PBXBuildFile; fileRef = A5195630280FBB4C0027D832 /* AuthenticateView.swift */; };
		A5195633280FDDFA0027D832 /* ListView.swift in Sources */ = {isa = PBXBuildFile; fileRef = A5195632280FDDFA0027D832 /* ListView.swift */; };
		A5195635280FDE770027D832 /* ListViewModel.swift in Sources */ = {isa = PBXBuildFile; fileRef = A5195634280FDE770027D832 /* ListViewModel.swift */; };
		A5195637280FDEA50027D832 /* RefreshScrollView.swift in Sources */ = {isa = PBXBuildFile; fileRef = A5195636280FDEA50027D832 /* RefreshScrollView.swift */; };
		A5195639280FDFE90027D832 /* RefreshViewModel.swift in Sources */ = {isa = PBXBuildFile; fileRef = A5195638280FDFE90027D832 /* RefreshViewModel.swift */; };
		A519563B280FE7DD0027D832 /* WriteView.swift in Sources */ = {isa = PBXBuildFile; fileRef = A519563A280FE7DC0027D832 /* WriteView.swift */; };
		A519563D280FE81F0027D832 /* InputCharacterCheck.swift in Sources */ = {isa = PBXBuildFile; fileRef = A519563C280FE81F0027D832 /* InputCharacterCheck.swift */; };
		A519563F280FFE570027D832 /* WriteViewModel.swift in Sources */ = {isa = PBXBuildFile; fileRef = A519563E280FFE570027D832 /* WriteViewModel.swift */; };
		A5195641280FFF340027D832 /* DetailView.swift in Sources */ = {isa = PBXBuildFile; fileRef = A5195640280FFF340027D832 /* DetailView.swift */; };
		A5195643281000020027D832 /* DetailViewModel.swift in Sources */ = {isa = PBXBuildFile; fileRef = A5195642281000020027D832 /* DetailViewModel.swift */; };
		A571D66C2812615700194304 /* Webservice.swift in Sources */ = {isa = PBXBuildFile; fileRef = A571D66B2812615700194304 /* Webservice.swift */; };
		A57B79A028127CA5009EE3BB /* LoginView.swift in Sources */ = {isa = PBXBuildFile; fileRef = A57B799F28127CA5009EE3BB /* LoginView.swift */; };
		A57B79A228127DA5009EE3BB /* RegisterView.swift in Sources */ = {isa = PBXBuildFile; fileRef = A57B79A128127DA5009EE3BB /* RegisterView.swift */; };
		A5825AF328153DFB0089A112 /* TitleListView.swift in Sources */ = {isa = PBXBuildFile; fileRef = A5825AF228153DFB0089A112 /* TitleListView.swift */; };
		A5A3CD78280ED00C006F7359 /* jwtAuthClientModel.swift in Sources */ = {isa = PBXBuildFile; fileRef = A5A3CD77280ED00C006F7359 /* jwtAuthClientModel.swift */; };
		A5A3CD7A280ED22E006F7359 /* AuthenticateViewModel.swift in Sources */ = {isa = PBXBuildFile; fileRef = A5A3CD79280ED22E006F7359 /* AuthenticateViewModel.swift */; };
		A5B63CB5280E94FA00FB77C0 /* jwt_auth_clientApp.swift in Sources */ = {isa = PBXBuildFile; fileRef = A5B63CB4280E94FA00FB77C0 /* jwt_auth_clientApp.swift */; };
		A5B63CB7280E94FA00FB77C0 /* ContentView.swift in Sources */ = {isa = PBXBuildFile; fileRef = A5B63CB6280E94FA00FB77C0 /* ContentView.swift */; };
		A5B63CB9280E94FF00FB77C0 /* Assets.xcassets in Resources */ = {isa = PBXBuildFile; fileRef = A5B63CB8280E94FF00FB77C0 /* Assets.xcassets */; };
		A5B63CBC280E94FF00FB77C0 /* Preview Assets.xcassets in Resources */ = {isa = PBXBuildFile; fileRef = A5B63CBB280E94FF00FB77C0 /* Preview Assets.xcassets */; };
		A5B63CC6280E950000FB77C0 /* jwt_auth_clientTests.swift in Sources */ = {isa = PBXBuildFile; fileRef = A5B63CC5280E950000FB77C0 /* jwt_auth_clientTests.swift */; };
		A5B63CD0280E950000FB77C0 /* jwt_auth_clientUITests.swift in Sources */ = {isa = PBXBuildFile; fileRef = A5B63CCF280E950000FB77C0 /* jwt_auth_clientUITests.swift */; };
		A5B63CD2280E950000FB77C0 /* jwt_auth_clientUITestsLaunchTests.swift in Sources */ = {isa = PBXBuildFile; fileRef = A5B63CD1280E950000FB77C0 /* jwt_auth_clientUITestsLaunchTests.swift */; };
		A5FAC3442817CDF900C3C63D /* JWTDecode in Frameworks */ = {isa = PBXBuildFile; productRef = A5FAC3432817CDF900C3C63D /* JWTDecode */; };
		A5FAC346281818C300C3C63D /* JWTDecode.swift in Sources */ = {isa = PBXBuildFile; fileRef = A5FAC345281818C300C3C63D /* JWTDecode.swift */; };
/* End PBXBuildFile section */

/* Begin PBXContainerItemProxy section */
		A5B63CC2280E950000FB77C0 /* PBXContainerItemProxy */ = {
			isa = PBXContainerItemProxy;
			containerPortal = A5B63CA9280E94FA00FB77C0 /* Project object */;
			proxyType = 1;
			remoteGlobalIDString = A5B63CB0280E94FA00FB77C0;
			remoteInfo = "jwt-auth-client";
		};
		A5B63CCC280E950000FB77C0 /* PBXContainerItemProxy */ = {
			isa = PBXContainerItemProxy;
			containerPortal = A5B63CA9280E94FA00FB77C0 /* Project object */;
			proxyType = 1;
			remoteGlobalIDString = A5B63CB0280E94FA00FB77C0;
			remoteInfo = "jwt-auth-client";
		};
/* End PBXContainerItemProxy section */

/* Begin PBXFileReference section */
		A5195630280FBB4C0027D832 /* AuthenticateView.swift */ = {isa = PBXFileReference; lastKnownFileType = sourcecode.swift; path = AuthenticateView.swift; sourceTree = "<group>"; };
		A5195632280FDDFA0027D832 /* ListView.swift */ = {isa = PBXFileReference; lastKnownFileType = sourcecode.swift; path = ListView.swift; sourceTree = "<group>"; };
		A5195634280FDE770027D832 /* ListViewModel.swift */ = {isa = PBXFileReference; lastKnownFileType = sourcecode.swift; path = ListViewModel.swift; sourceTree = "<group>"; };
		A5195636280FDEA50027D832 /* RefreshScrollView.swift */ = {isa = PBXFileReference; lastKnownFileType = sourcecode.swift; path = RefreshScrollView.swift; sourceTree = "<group>"; };
		A5195638280FDFE90027D832 /* RefreshViewModel.swift */ = {isa = PBXFileReference; lastKnownFileType = sourcecode.swift; path = RefreshViewModel.swift; sourceTree = "<group>"; };
		A519563A280FE7DC0027D832 /* WriteView.swift */ = {isa = PBXFileReference; lastKnownFileType = sourcecode.swift; path = WriteView.swift; sourceTree = "<group>"; };
		A519563C280FE81F0027D832 /* InputCharacterCheck.swift */ = {isa = PBXFileReference; lastKnownFileType = sourcecode.swift; path = InputCharacterCheck.swift; sourceTree = "<group>"; };
		A519563E280FFE570027D832 /* WriteViewModel.swift */ = {isa = PBXFileReference; lastKnownFileType = sourcecode.swift; path = WriteViewModel.swift; sourceTree = "<group>"; };
		A5195640280FFF340027D832 /* DetailView.swift */ = {isa = PBXFileReference; lastKnownFileType = sourcecode.swift; path = DetailView.swift; sourceTree = "<group>"; };
		A5195642281000020027D832 /* DetailViewModel.swift */ = {isa = PBXFileReference; lastKnownFileType = sourcecode.swift; path = DetailViewModel.swift; sourceTree = "<group>"; };
		A571D66B2812615700194304 /* Webservice.swift */ = {isa = PBXFileReference; lastKnownFileType = sourcecode.swift; path = Webservice.swift; sourceTree = "<group>"; };
		A57B799F28127CA5009EE3BB /* LoginView.swift */ = {isa = PBXFileReference; lastKnownFileType = sourcecode.swift; path = LoginView.swift; sourceTree = "<group>"; };
		A57B79A128127DA5009EE3BB /* RegisterView.swift */ = {isa = PBXFileReference; lastKnownFileType = sourcecode.swift; path = RegisterView.swift; sourceTree = "<group>"; };
		A5825AF228153DFB0089A112 /* TitleListView.swift */ = {isa = PBXFileReference; lastKnownFileType = sourcecode.swift; path = TitleListView.swift; sourceTree = "<group>"; };
		A5A3CD77280ED00C006F7359 /* jwtAuthClientModel.swift */ = {isa = PBXFileReference; lastKnownFileType = sourcecode.swift; path = jwtAuthClientModel.swift; sourceTree = "<group>"; };
		A5A3CD79280ED22E006F7359 /* AuthenticateViewModel.swift */ = {isa = PBXFileReference; lastKnownFileType = sourcecode.swift; path = AuthenticateViewModel.swift; sourceTree = "<group>"; };
		A5B63CB1280E94FA00FB77C0 /* jwt-auth-client.app */ = {isa = PBXFileReference; explicitFileType = wrapper.application; includeInIndex = 0; path = "jwt-auth-client.app"; sourceTree = BUILT_PRODUCTS_DIR; };
		A5B63CB4280E94FA00FB77C0 /* jwt_auth_clientApp.swift */ = {isa = PBXFileReference; lastKnownFileType = sourcecode.swift; path = jwt_auth_clientApp.swift; sourceTree = "<group>"; };
		A5B63CB6280E94FA00FB77C0 /* ContentView.swift */ = {isa = PBXFileReference; lastKnownFileType = sourcecode.swift; path = ContentView.swift; sourceTree = "<group>"; };
		A5B63CB8280E94FF00FB77C0 /* Assets.xcassets */ = {isa = PBXFileReference; lastKnownFileType = folder.assetcatalog; path = Assets.xcassets; sourceTree = "<group>"; };
		A5B63CBB280E94FF00FB77C0 /* Preview Assets.xcassets */ = {isa = PBXFileReference; lastKnownFileType = folder.assetcatalog; path = "Preview Assets.xcassets"; sourceTree = "<group>"; };
		A5B63CC1280E950000FB77C0 /* jwt-auth-clientTests.xctest */ = {isa = PBXFileReference; explicitFileType = wrapper.cfbundle; includeInIndex = 0; path = "jwt-auth-clientTests.xctest"; sourceTree = BUILT_PRODUCTS_DIR; };
		A5B63CC5280E950000FB77C0 /* jwt_auth_clientTests.swift */ = {isa = PBXFileReference; lastKnownFileType = sourcecode.swift; path = jwt_auth_clientTests.swift; sourceTree = "<group>"; };
		A5B63CCB280E950000FB77C0 /* jwt-auth-clientUITests.xctest */ = {isa = PBXFileReference; explicitFileType = wrapper.cfbundle; includeInIndex = 0; path = "jwt-auth-clientUITests.xctest"; sourceTree = BUILT_PRODUCTS_DIR; };
		A5B63CCF280E950000FB77C0 /* jwt_auth_clientUITests.swift */ = {isa = PBXFileReference; lastKnownFileType = sourcecode.swift; path = jwt_auth_clientUITests.swift; sourceTree = "<group>"; };
		A5B63CD1280E950000FB77C0 /* jwt_auth_clientUITestsLaunchTests.swift */ = {isa = PBXFileReference; lastKnownFileType = sourcecode.swift; path = jwt_auth_clientUITestsLaunchTests.swift; sourceTree = "<group>"; };
		A5FAC345281818C300C3C63D /* JWTDecode.swift */ = {isa = PBXFileReference; lastKnownFileType = sourcecode.swift; path = JWTDecode.swift; sourceTree = "<group>"; };
/* End PBXFileReference section */

/* Begin PBXFrameworksBuildPhase section */
		A5B63CAE280E94FA00FB77C0 /* Frameworks */ = {
			isa = PBXFrameworksBuildPhase;
			buildActionMask = 2147483647;
			files = (
				A5FAC3442817CDF900C3C63D /* JWTDecode in Frameworks */,
			);
			runOnlyForDeploymentPostprocessing = 0;
		};
		A5B63CBE280E950000FB77C0 /* Frameworks */ = {
			isa = PBXFrameworksBuildPhase;
			buildActionMask = 2147483647;
			files = (
			);
			runOnlyForDeploymentPostprocessing = 0;
		};
		A5B63CC8280E950000FB77C0 /* Frameworks */ = {
			isa = PBXFrameworksBuildPhase;
			buildActionMask = 2147483647;
			files = (
			);
			runOnlyForDeploymentPostprocessing = 0;
		};
/* End PBXFrameworksBuildPhase section */

/* Begin PBXGroup section */
		A571D66A2812614000194304 /* Services */ = {
			isa = PBXGroup;
			children = (
				A571D66B2812615700194304 /* Webservice.swift */,
			);
			path = Services;
			sourceTree = "<group>";
		};
		A5A3CD74280ECF81006F7359 /* View */ = {
			isa = PBXGroup;
			children = (
				A5195630280FBB4C0027D832 /* AuthenticateView.swift */,
				A5B63CB6280E94FA00FB77C0 /* ContentView.swift */,
				A5195640280FFF340027D832 /* DetailView.swift */,
				A519563C280FE81F0027D832 /* InputCharacterCheck.swift */,
				A5B63CB4280E94FA00FB77C0 /* jwt_auth_clientApp.swift */,
				A5195632280FDDFA0027D832 /* ListView.swift */,
				A57B799F28127CA5009EE3BB /* LoginView.swift */,
				A5195636280FDEA50027D832 /* RefreshScrollView.swift */,
				A57B79A128127DA5009EE3BB /* RegisterView.swift */,
				A5825AF228153DFB0089A112 /* TitleListView.swift */,
				A519563A280FE7DC0027D832 /* WriteView.swift */,
			);
			path = View;
			sourceTree = "<group>";
		};
		A5A3CD75280ECF8A006F7359 /* ViewModel */ = {
			isa = PBXGroup;
			children = (
				A5A3CD79280ED22E006F7359 /* AuthenticateViewModel.swift */,
				A5195642281000020027D832 /* DetailViewModel.swift */,
				A5FAC345281818C300C3C63D /* JWTDecode.swift */,
				A5195634280FDE770027D832 /* ListViewModel.swift */,
				A5195638280FDFE90027D832 /* RefreshViewModel.swift */,
				A519563E280FFE570027D832 /* WriteViewModel.swift */,
			);
			path = ViewModel;
			sourceTree = "<group>";
		};
		A5A3CD76280ECF96006F7359 /* Model */ = {
			isa = PBXGroup;
			children = (
				A5A3CD77280ED00C006F7359 /* jwtAuthClientModel.swift */,
			);
			path = Model;
			sourceTree = "<group>";
		};
		A5B63CA8280E94FA00FB77C0 = {
			isa = PBXGroup;
			children = (
				A5B63CB3280E94FA00FB77C0 /* jwt-auth-client */,
				A5B63CC4280E950000FB77C0 /* jwt-auth-clientTests */,
				A5B63CCE280E950000FB77C0 /* jwt-auth-clientUITests */,
				A5B63CB2280E94FA00FB77C0 /* Products */,
			);
			sourceTree = "<group>";
		};
		A5B63CB2280E94FA00FB77C0 /* Products */ = {
			isa = PBXGroup;
			children = (
				A5B63CB1280E94FA00FB77C0 /* jwt-auth-client.app */,
				A5B63CC1280E950000FB77C0 /* jwt-auth-clientTests.xctest */,
				A5B63CCB280E950000FB77C0 /* jwt-auth-clientUITests.xctest */,
			);
			name = Products;
			sourceTree = "<group>";
		};
		A5B63CB3280E94FA00FB77C0 /* jwt-auth-client */ = {
			isa = PBXGroup;
			children = (
				A5B63CB8280E94FF00FB77C0 /* Assets.xcassets */,
				A5A3CD76280ECF96006F7359 /* Model */,
				A5B63CBA280E94FF00FB77C0 /* Preview Content */,
				A571D66A2812614000194304 /* Services */,
				A5A3CD74280ECF81006F7359 /* View */,
				A5A3CD75280ECF8A006F7359 /* ViewModel */,
			);
			path = "jwt-auth-client";
			sourceTree = "<group>";
		};
		A5B63CBA280E94FF00FB77C0 /* Preview Content */ = {
			isa = PBXGroup;
			children = (
				A5B63CBB280E94FF00FB77C0 /* Preview Assets.xcassets */,
			);
			path = "Preview Content";
			sourceTree = "<group>";
		};
		A5B63CC4280E950000FB77C0 /* jwt-auth-clientTests */ = {
			isa = PBXGroup;
			children = (
				A5B63CC5280E950000FB77C0 /* jwt_auth_clientTests.swift */,
			);
			path = "jwt-auth-clientTests";
			sourceTree = "<group>";
		};
		A5B63CCE280E950000FB77C0 /* jwt-auth-clientUITests */ = {
			isa = PBXGroup;
			children = (
				A5B63CCF280E950000FB77C0 /* jwt_auth_clientUITests.swift */,
				A5B63CD1280E950000FB77C0 /* jwt_auth_clientUITestsLaunchTests.swift */,
			);
			path = "jwt-auth-clientUITests";
			sourceTree = "<group>";
		};
/* End PBXGroup section */

/* Begin PBXNativeTarget section */
		A5B63CB0280E94FA00FB77C0 /* jwt-auth-client */ = {
			isa = PBXNativeTarget;
			buildConfigurationList = A5B63CD5280E950000FB77C0 /* Build configuration list for PBXNativeTarget "jwt-auth-client" */;
			buildPhases = (
				A5B63CAD280E94FA00FB77C0 /* Sources */,
				A5B63CAE280E94FA00FB77C0 /* Frameworks */,
				A5B63CAF280E94FA00FB77C0 /* Resources */,
			);
			buildRules = (
			);
			dependencies = (
			);
			name = "jwt-auth-client";
			packageProductDependencies = (
				A5FAC3432817CDF900C3C63D /* JWTDecode */,
			);
			productName = "jwt-auth-client";
			productReference = A5B63CB1280E94FA00FB77C0 /* jwt-auth-client.app */;
			productType = "com.apple.product-type.application";
		};
		A5B63CC0280E950000FB77C0 /* jwt-auth-clientTests */ = {
			isa = PBXNativeTarget;
			buildConfigurationList = A5B63CD8280E950000FB77C0 /* Build configuration list for PBXNativeTarget "jwt-auth-clientTests" */;
			buildPhases = (
				A5B63CBD280E950000FB77C0 /* Sources */,
				A5B63CBE280E950000FB77C0 /* Frameworks */,
				A5B63CBF280E950000FB77C0 /* Resources */,
			);
			buildRules = (
			);
			dependencies = (
				A5B63CC3280E950000FB77C0 /* PBXTargetDependency */,
			);
			name = "jwt-auth-clientTests";
			productName = "jwt-auth-clientTests";
			productReference = A5B63CC1280E950000FB77C0 /* jwt-auth-clientTests.xctest */;
			productType = "com.apple.product-type.bundle.unit-test";
		};
		A5B63CCA280E950000FB77C0 /* jwt-auth-clientUITests */ = {
			isa = PBXNativeTarget;
			buildConfigurationList = A5B63CDB280E950000FB77C0 /* Build configuration list for PBXNativeTarget "jwt-auth-clientUITests" */;
			buildPhases = (
				A5B63CC7280E950000FB77C0 /* Sources */,
				A5B63CC8280E950000FB77C0 /* Frameworks */,
				A5B63CC9280E950000FB77C0 /* Resources */,
			);
			buildRules = (
			);
			dependencies = (
				A5B63CCD280E950000FB77C0 /* PBXTargetDependency */,
			);
			name = "jwt-auth-clientUITests";
			productName = "jwt-auth-clientUITests";
			productReference = A5B63CCB280E950000FB77C0 /* jwt-auth-clientUITests.xctest */;
			productType = "com.apple.product-type.bundle.ui-testing";
		};
/* End PBXNativeTarget section */

/* Begin PBXProject section */
		A5B63CA9280E94FA00FB77C0 /* Project object */ = {
			isa = PBXProject;
			attributes = {
				BuildIndependentTargetsInParallel = 1;
				LastSwiftUpdateCheck = 1330;
				LastUpgradeCheck = 1330;
				TargetAttributes = {
					A5B63CB0280E94FA00FB77C0 = {
						CreatedOnToolsVersion = 13.3.1;
					};
					A5B63CC0280E950000FB77C0 = {
						CreatedOnToolsVersion = 13.3.1;
						TestTargetID = A5B63CB0280E94FA00FB77C0;
					};
					A5B63CCA280E950000FB77C0 = {
						CreatedOnToolsVersion = 13.3.1;
						TestTargetID = A5B63CB0280E94FA00FB77C0;
					};
				};
			};
			buildConfigurationList = A5B63CAC280E94FA00FB77C0 /* Build configuration list for PBXProject "jwt-auth-client" */;
			compatibilityVersion = "Xcode 13.0";
			developmentRegion = en;
			hasScannedForEncodings = 0;
			knownRegions = (
				en,
				Base,
			);
			mainGroup = A5B63CA8280E94FA00FB77C0;
			packageReferences = (
				A5FAC3422817CDF900C3C63D /* XCRemoteSwiftPackageReference "JWTDecode" */,
			);
			productRefGroup = A5B63CB2280E94FA00FB77C0 /* Products */;
			projectDirPath = "";
			projectRoot = "";
			targets = (
				A5B63CB0280E94FA00FB77C0 /* jwt-auth-client */,
				A5B63CC0280E950000FB77C0 /* jwt-auth-clientTests */,
				A5B63CCA280E950000FB77C0 /* jwt-auth-clientUITests */,
			);
		};
/* End PBXProject section */

/* Begin PBXResourcesBuildPhase section */
		A5B63CAF280E94FA00FB77C0 /* Resources */ = {
			isa = PBXResourcesBuildPhase;
			buildActionMask = 2147483647;
			files = (
				A5B63CBC280E94FF00FB77C0 /* Preview Assets.xcassets in Resources */,
				A5B63CB9280E94FF00FB77C0 /* Assets.xcassets in Resources */,
			);
			runOnlyForDeploymentPostprocessing = 0;
		};
		A5B63CBF280E950000FB77C0 /* Resources */ = {
			isa = PBXResourcesBuildPhase;
			buildActionMask = 2147483647;
			files = (
			);
			runOnlyForDeploymentPostprocessing = 0;
		};
		A5B63CC9280E950000FB77C0 /* Resources */ = {
			isa = PBXResourcesBuildPhase;
			buildActionMask = 2147483647;
			files = (
			);
			runOnlyForDeploymentPostprocessing = 0;
		};
/* End PBXResourcesBuildPhase section */

/* Begin PBXSourcesBuildPhase section */
		A5B63CAD280E94FA00FB77C0 /* Sources */ = {
			isa = PBXSourcesBuildPhase;
			buildActionMask = 2147483647;
			files = (
				A5FAC346281818C300C3C63D /* JWTDecode.swift in Sources */,
				A5A3CD78280ED00C006F7359 /* jwtAuthClientModel.swift in Sources */,
				A5195639280FDFE90027D832 /* RefreshViewModel.swift in Sources */,
				A519563B280FE7DD0027D832 /* WriteView.swift in Sources */,
				A519563D280FE81F0027D832 /* InputCharacterCheck.swift in Sources */,
				A5A3CD7A280ED22E006F7359 /* AuthenticateViewModel.swift in Sources */,
				A5195635280FDE770027D832 /* ListViewModel.swift in Sources */,
				A519563F280FFE570027D832 /* WriteViewModel.swift in Sources */,
				A5195641280FFF340027D832 /* DetailView.swift in Sources */,
				A57B79A228127DA5009EE3BB /* RegisterView.swift in Sources */,
				A5195637280FDEA50027D832 /* RefreshScrollView.swift in Sources */,
				A57B79A028127CA5009EE3BB /* LoginView.swift in Sources */,
				A5825AF328153DFB0089A112 /* TitleListView.swift in Sources */,
				A571D66C2812615700194304 /* Webservice.swift in Sources */,
				A5195643281000020027D832 /* DetailViewModel.swift in Sources */,
				A5195633280FDDFA0027D832 /* ListView.swift in Sources */,
				A5B63CB7280E94FA00FB77C0 /* ContentView.swift in Sources */,
				A5195631280FBB4C0027D832 /* AuthenticateView.swift in Sources */,
				A5B63CB5280E94FA00FB77C0 /* jwt_auth_clientApp.swift in Sources */,
			);
			runOnlyForDeploymentPostprocessing = 0;
		};
		A5B63CBD280E950000FB77C0 /* Sources */ = {
			isa = PBXSourcesBuildPhase;
			buildActionMask = 2147483647;
			files = (
				A5B63CC6280E950000FB77C0 /* jwt_auth_clientTests.swift in Sources */,
			);
			runOnlyForDeploymentPostprocessing = 0;
		};
		A5B63CC7280E950000FB77C0 /* Sources */ = {
			isa = PBXSourcesBuildPhase;
			buildActionMask = 2147483647;
			files = (
				A5B63CD0280E950000FB77C0 /* jwt_auth_clientUITests.swift in Sources */,
				A5B63CD2280E950000FB77C0 /* jwt_auth_clientUITestsLaunchTests.swift in Sources */,
			);
			runOnlyForDeploymentPostprocessing = 0;
		};
/* End PBXSourcesBuildPhase section */

/* Begin PBXTargetDependency section */
		A5B63CC3280E950000FB77C0 /* PBXTargetDependency */ = {
			isa = PBXTargetDependency;
			target = A5B63CB0280E94FA00FB77C0 /* jwt-auth-client */;
			targetProxy = A5B63CC2280E950000FB77C0 /* PBXContainerItemProxy */;
		};
		A5B63CCD280E950000FB77C0 /* PBXTargetDependency */ = {
			isa = PBXTargetDependency;
			target = A5B63CB0280E94FA00FB77C0 /* jwt-auth-client */;
			targetProxy = A5B63CCC280E950000FB77C0 /* PBXContainerItemProxy */;
		};
/* End PBXTargetDependency section */

/* Begin XCBuildConfiguration section */
		A5B63CD3280E950000FB77C0 /* Debug */ = {
			isa = XCBuildConfiguration;
			buildSettings = {
				ALWAYS_SEARCH_USER_PATHS = NO;
				CLANG_ANALYZER_NONNULL = YES;
				CLANG_ANALYZER_NUMBER_OBJECT_CONVERSION = YES_AGGRESSIVE;
				CLANG_CXX_LANGUAGE_STANDARD = "gnu++17";
				CLANG_ENABLE_MODULES = YES;
				CLANG_ENABLE_OBJC_ARC = YES;
				CLANG_ENABLE_OBJC_WEAK = YES;
				CLANG_WARN_BLOCK_CAPTURE_AUTORELEASING = YES;
				CLANG_WARN_BOOL_CONVERSION = YES;
				CLANG_WARN_COMMA = YES;
				CLANG_WARN_CONSTANT_CONVERSION = YES;
				CLANG_WARN_DEPRECATED_OBJC_IMPLEMENTATIONS = YES;
				CLANG_WARN_DIRECT_OBJC_ISA_USAGE = YES_ERROR;
				CLANG_WARN_DOCUMENTATION_COMMENTS = YES;
				CLANG_WARN_EMPTY_BODY = YES;
				CLANG_WARN_ENUM_CONVERSION = YES;
				CLANG_WARN_INFINITE_RECURSION = YES;
				CLANG_WARN_INT_CONVERSION = YES;
				CLANG_WARN_NON_LITERAL_NULL_CONVERSION = YES;
				CLANG_WARN_OBJC_IMPLICIT_RETAIN_SELF = YES;
				CLANG_WARN_OBJC_LITERAL_CONVERSION = YES;
				CLANG_WARN_OBJC_ROOT_CLASS = YES_ERROR;
				CLANG_WARN_QUOTED_INCLUDE_IN_FRAMEWORK_HEADER = YES;
				CLANG_WARN_RANGE_LOOP_ANALYSIS = YES;
				CLANG_WARN_STRICT_PROTOTYPES = YES;
				CLANG_WARN_SUSPICIOUS_MOVE = YES;
				CLANG_WARN_UNGUARDED_AVAILABILITY = YES_AGGRESSIVE;
				CLANG_WARN_UNREACHABLE_CODE = YES;
				CLANG_WARN__DUPLICATE_METHOD_MATCH = YES;
				COPY_PHASE_STRIP = NO;
				DEBUG_INFORMATION_FORMAT = dwarf;
				ENABLE_STRICT_OBJC_MSGSEND = YES;
				ENABLE_TESTABILITY = YES;
				GCC_C_LANGUAGE_STANDARD = gnu11;
				GCC_DYNAMIC_NO_PIC = NO;
				GCC_NO_COMMON_BLOCKS = YES;
				GCC_OPTIMIZATION_LEVEL = 0;
				GCC_PREPROCESSOR_DEFINITIONS = (
					"DEBUG=1",
					"$(inherited)",
				);
				GCC_WARN_64_TO_32_BIT_CONVERSION = YES;
				GCC_WARN_ABOUT_RETURN_TYPE = YES_ERROR;
				GCC_WARN_UNDECLARED_SELECTOR = YES;
				GCC_WARN_UNINITIALIZED_AUTOS = YES_AGGRESSIVE;
				GCC_WARN_UNUSED_FUNCTION = YES;
				GCC_WARN_UNUSED_VARIABLE = YES;
				IPHONEOS_DEPLOYMENT_TARGET = 15.4;
				MTL_ENABLE_DEBUG_INFO = INCLUDE_SOURCE;
				MTL_FAST_MATH = YES;
				ONLY_ACTIVE_ARCH = YES;
				SDKROOT = iphoneos;
				SWIFT_ACTIVE_COMPILATION_CONDITIONS = DEBUG;
				SWIFT_OPTIMIZATION_LEVEL = "-Onone";
			};
			name = Debug;
		};
		A5B63CD4280E950000FB77C0 /* Release */ = {
			isa = XCBuildConfiguration;
			buildSettings = {
				ALWAYS_SEARCH_USER_PATHS = NO;
				CLANG_ANALYZER_NONNULL = YES;
				CLANG_ANALYZER_NUMBER_OBJECT_CONVERSION = YES_AGGRESSIVE;
				CLANG_CXX_LANGUAGE_STANDARD = "gnu++17";
				CLANG_ENABLE_MODULES = YES;
				CLANG_ENABLE_OBJC_ARC = YES;
				CLANG_ENABLE_OBJC_WEAK = YES;
				CLANG_WARN_BLOCK_CAPTURE_AUTORELEASING = YES;
				CLANG_WARN_BOOL_CONVERSION = YES;
				CLANG_WARN_COMMA = YES;
				CLANG_WARN_CONSTANT_CONVERSION = YES;
				CLANG_WARN_DEPRECATED_OBJC_IMPLEMENTATIONS = YES;
				CLANG_WARN_DIRECT_OBJC_ISA_USAGE = YES_ERROR;
				CLANG_WARN_DOCUMENTATION_COMMENTS = YES;
				CLANG_WARN_EMPTY_BODY = YES;
				CLANG_WARN_ENUM_CONVERSION = YES;
				CLANG_WARN_INFINITE_RECURSION = YES;
				CLANG_WARN_INT_CONVERSION = YES;
				CLANG_WARN_NON_LITERAL_NULL_CONVERSION = YES;
				CLANG_WARN_OBJC_IMPLICIT_RETAIN_SELF = YES;
				CLANG_WARN_OBJC_LITERAL_CONVERSION = YES;
				CLANG_WARN_OBJC_ROOT_CLASS = YES_ERROR;
				CLANG_WARN_QUOTED_INCLUDE_IN_FRAMEWORK_HEADER = YES;
				CLANG_WARN_RANGE_LOOP_ANALYSIS = YES;
				CLANG_WARN_STRICT_PROTOTYPES = YES;
				CLANG_WARN_SUSPICIOUS_MOVE = YES;
				CLANG_WARN_UNGUARDED_AVAILABILITY = YES_AGGRESSIVE;
				CLANG_WARN_UNREACHABLE_CODE = YES;
				CLANG_WARN__DUPLICATE_METHOD_MATCH = YES;
				COPY_PHASE_STRIP = NO;
				DEBUG_INFORMATION_FORMAT = "dwarf-with-dsym";
				ENABLE_NS_ASSERTIONS = NO;
				ENABLE_STRICT_OBJC_MSGSEND = YES;
				GCC_C_LANGUAGE_STANDARD = gnu11;
				GCC_NO_COMMON_BLOCKS = YES;
				GCC_WARN_64_TO_32_BIT_CONVERSION = YES;
				GCC_WARN_ABOUT_RETURN_TYPE = YES_ERROR;
				GCC_WARN_UNDECLARED_SELECTOR = YES;
				GCC_WARN_UNINITIALIZED_AUTOS = YES_AGGRESSIVE;
				GCC_WARN_UNUSED_FUNCTION = YES;
				GCC_WARN_UNUSED_VARIABLE = YES;
				IPHONEOS_DEPLOYMENT_TARGET = 15.4;
				MTL_ENABLE_DEBUG_INFO = NO;
				MTL_FAST_MATH = YES;
				SDKROOT = iphoneos;
				SWIFT_COMPILATION_MODE = wholemodule;
				SWIFT_OPTIMIZATION_LEVEL = "-O";
				VALIDATE_PRODUCT = YES;
			};
			name = Release;
		};
		A5B63CD6280E950000FB77C0 /* Debug */ = {
			isa = XCBuildConfiguration;
			buildSettings = {
				ASSETCATALOG_COMPILER_APPICON_NAME = AppIcon;
				ASSETCATALOG_COMPILER_GLOBAL_ACCENT_COLOR_NAME = AccentColor;
				CODE_SIGN_STYLE = Automatic;
				CURRENT_PROJECT_VERSION = 1;
				DEVELOPMENT_ASSET_PATHS = "\"jwt-auth-client/Preview Content\"";
				DEVELOPMENT_TEAM = MWR6QWXC5C;
				ENABLE_PREVIEWS = YES;
				GENERATE_INFOPLIST_FILE = YES;
				INFOPLIST_KEY_UIApplicationSceneManifest_Generation = YES;
				INFOPLIST_KEY_UIApplicationSupportsIndirectInputEvents = YES;
				INFOPLIST_KEY_UILaunchScreen_Generation = YES;
				INFOPLIST_KEY_UISupportedInterfaceOrientations_iPad = "UIInterfaceOrientationPortrait UIInterfaceOrientationPortraitUpsideDown UIInterfaceOrientationLandscapeLeft UIInterfaceOrientationLandscapeRight";
				INFOPLIST_KEY_UISupportedInterfaceOrientations_iPhone = "UIInterfaceOrientationPortrait UIInterfaceOrientationLandscapeLeft UIInterfaceOrientationLandscapeRight";
				LD_RUNPATH_SEARCH_PATHS = (
					"$(inherited)",
					"@executable_path/Frameworks",
				);
				MARKETING_VERSION = 1.0;
				PRODUCT_BUNDLE_IDENTIFIER = "com.nothing.jwt-auth-client";
				PRODUCT_NAME = "$(TARGET_NAME)";
				SWIFT_EMIT_LOC_STRINGS = YES;
				SWIFT_VERSION = 5.0;
				TARGETED_DEVICE_FAMILY = "1,2";
			};
			name = Debug;
		};
		A5B63CD7280E950000FB77C0 /* Release */ = {
			isa = XCBuildConfiguration;
			buildSettings = {
				ASSETCATALOG_COMPILER_APPICON_NAME = AppIcon;
				ASSETCATALOG_COMPILER_GLOBAL_ACCENT_COLOR_NAME = AccentColor;
				CODE_SIGN_STYLE = Automatic;
				CURRENT_PROJECT_VERSION = 1;
				DEVELOPMENT_ASSET_PATHS = "\"jwt-auth-client/Preview Content\"";
				DEVELOPMENT_TEAM = MWR6QWXC5C;
				ENABLE_PREVIEWS = YES;
				GENERATE_INFOPLIST_FILE = YES;
				INFOPLIST_KEY_UIApplicationSceneManifest_Generation = YES;
				INFOPLIST_KEY_UIApplicationSupportsIndirectInputEvents = YES;
				INFOPLIST_KEY_UILaunchScreen_Generation = YES;
				INFOPLIST_KEY_UISupportedInterfaceOrientations_iPad = "UIInterfaceOrientationPortrait UIInterfaceOrientationPortraitUpsideDown UIInterfaceOrientationLandscapeLeft UIInterfaceOrientationLandscapeRight";
				INFOPLIST_KEY_UISupportedInterfaceOrientations_iPhone = "UIInterfaceOrientationPortrait UIInterfaceOrientationLandscapeLeft UIInterfaceOrientationLandscapeRight";
				LD_RUNPATH_SEARCH_PATHS = (
					"$(inherited)",
					"@executable_path/Frameworks",
				);
				MARKETING_VERSION = 1.0;
				PRODUCT_BUNDLE_IDENTIFIER = "com.nothing.jwt-auth-client";
				PRODUCT_NAME = "$(TARGET_NAME)";
				SWIFT_EMIT_LOC_STRINGS = YES;
				SWIFT_VERSION = 5.0;
				TARGETED_DEVICE_FAMILY = "1,2";
			};
			name = Release;
		};
		A5B63CD9280E950000FB77C0 /* Debug */ = {
			isa = XCBuildConfiguration;
			buildSettings = {
				ALWAYS_EMBED_SWIFT_STANDARD_LIBRARIES = YES;
				BUNDLE_LOADER = "$(TEST_HOST)";
				CODE_SIGN_STYLE = Automatic;
				CURRENT_PROJECT_VERSION = 1;
				DEVELOPMENT_TEAM = MWR6QWXC5C;
				GENERATE_INFOPLIST_FILE = YES;
				IPHONEOS_DEPLOYMENT_TARGET = 15.4;
				MARKETING_VERSION = 1.0;
				PRODUCT_BUNDLE_IDENTIFIER = "com.nothing.jwt-auth-clientTests";
				PRODUCT_NAME = "$(TARGET_NAME)";
				SWIFT_EMIT_LOC_STRINGS = NO;
				SWIFT_VERSION = 5.0;
				TARGETED_DEVICE_FAMILY = "1,2";
				TEST_HOST = "$(BUILT_PRODUCTS_DIR)/jwt-auth-client.app/jwt-auth-client";
			};
			name = Debug;
		};
		A5B63CDA280E950000FB77C0 /* Release */ = {
			isa = XCBuildConfiguration;
			buildSettings = {
				ALWAYS_EMBED_SWIFT_STANDARD_LIBRARIES = YES;
				BUNDLE_LOADER = "$(TEST_HOST)";
				CODE_SIGN_STYLE = Automatic;
				CURRENT_PROJECT_VERSION = 1;
				DEVELOPMENT_TEAM = MWR6QWXC5C;
				GENERATE_INFOPLIST_FILE = YES;
				IPHONEOS_DEPLOYMENT_TARGET = 15.4;
				MARKETING_VERSION = 1.0;
				PRODUCT_BUNDLE_IDENTIFIER = "com.nothing.jwt-auth-clientTests";
				PRODUCT_NAME = "$(TARGET_NAME)";
				SWIFT_EMIT_LOC_STRINGS = NO;
				SWIFT_VERSION = 5.0;
				TARGETED_DEVICE_FAMILY = "1,2";
				TEST_HOST = "$(BUILT_PRODUCTS_DIR)/jwt-auth-client.app/jwt-auth-client";
			};
			name = Release;
		};
		A5B63CDC280E950000FB77C0 /* Debug */ = {
			isa = XCBuildConfiguration;
			buildSettings = {
				ALWAYS_EMBED_SWIFT_STANDARD_LIBRARIES = YES;
				CODE_SIGN_STYLE = Automatic;
				CURRENT_PROJECT_VERSION = 1;
				DEVELOPMENT_TEAM = MWR6QWXC5C;
				GENERATE_INFOPLIST_FILE = YES;
				MARKETING_VERSION = 1.0;
				PRODUCT_BUNDLE_IDENTIFIER = "com.nothing.jwt-auth-clientUITests";
				PRODUCT_NAME = "$(TARGET_NAME)";
				SWIFT_EMIT_LOC_STRINGS = NO;
				SWIFT_VERSION = 5.0;
				TARGETED_DEVICE_FAMILY = "1,2";
				TEST_TARGET_NAME = "jwt-auth-client";
			};
			name = Debug;
		};
		A5B63CDD280E950000FB77C0 /* Release */ = {
			isa = XCBuildConfiguration;
			buildSettings = {
				ALWAYS_EMBED_SWIFT_STANDARD_LIBRARIES = YES;
				CODE_SIGN_STYLE = Automatic;
				CURRENT_PROJECT_VERSION = 1;
				DEVELOPMENT_TEAM = MWR6QWXC5C;
				GENERATE_INFOPLIST_FILE = YES;
				MARKETING_VERSION = 1.0;
				PRODUCT_BUNDLE_IDENTIFIER = "com.nothing.jwt-auth-clientUITests";
				PRODUCT_NAME = "$(TARGET_NAME)";
				SWIFT_EMIT_LOC_STRINGS = NO;
				SWIFT_VERSION = 5.0;
				TARGETED_DEVICE_FAMILY = "1,2";
				TEST_TARGET_NAME = "jwt-auth-client";
			};
			name = Release;
		};
/* End XCBuildConfiguration section */

/* Begin XCConfigurationList section */
		A5B63CAC280E94FA00FB77C0 /* Build configuration list for PBXProject "jwt-auth-client" */ = {
			isa = XCConfigurationList;
			buildConfigurations = (
				A5B63CD3280E950000FB77C0 /* Debug */,
				A5B63CD4280E950000FB77C0 /* Release */,
			);
			defaultConfigurationIsVisible = 0;
			defaultConfigurationName = Release;
		};
		A5B63CD5280E950000FB77C0 /* Build configuration list for PBXNativeTarget "jwt-auth-client" */ = {
			isa = XCConfigurationList;
			buildConfigurations = (
				A5B63CD6280E950000FB77C0 /* Debug */,
				A5B63CD7280E950000FB77C0 /* Release */,
			);
			defaultConfigurationIsVisible = 0;
			defaultConfigurationName = Release;
		};
		A5B63CD8280E950000FB77C0 /* Build configuration list for PBXNativeTarget "jwt-auth-clientTests" */ = {
			isa = XCConfigurationList;
			buildConfigurations = (
				A5B63CD9280E950000FB77C0 /* Debug */,
				A5B63CDA280E950000FB77C0 /* Release */,
			);
			defaultConfigurationIsVisible = 0;
			defaultConfigurationName = Release;
		};
		A5B63CDB280E950000FB77C0 /* Build configuration list for PBXNativeTarget "jwt-auth-clientUITests" */ = {
			isa = XCConfigurationList;
			buildConfigurations = (
				A5B63CDC280E950000FB77C0 /* Debug */,
				A5B63CDD280E950000FB77C0 /* Release */,
			);
			defaultConfigurationIsVisible = 0;
			defaultConfigurationName = Release;
		};
/* End XCConfigurationList section */

/* Begin XCRemoteSwiftPackageReference section */
		A5FAC3422817CDF900C3C63D /* XCRemoteSwiftPackageReference "JWTDecode" */ = {
			isa = XCRemoteSwiftPackageReference;
			repositoryURL = "https://github.com/auth0/JWTDecode.swift";
			requirement = {
				kind = upToNextMajorVersion;
				minimumVersion = 2.0.0;
			};
		};
/* End XCRemoteSwiftPackageReference section */

/* Begin XCSwiftPackageProductDependency section */
		A5FAC3432817CDF900C3C63D /* JWTDecode */ = {
			isa = XCSwiftPackageProductDependency;
			package = A5FAC3422817CDF900C3C63D /* XCRemoteSwiftPackageReference "JWTDecode" */;
			productName = JWTDecode;
		};
/* End XCSwiftPackageProductDependency section */
	};
	rootObject = A5B63CA9280E94FA00FB77C0 /* Project object */;
}
